
Microsoft Visual Studio Solution File, Format Version 12.00
Project("{2150E333-8FDC-42A3-9474-1A3956D46DE8}") = "Zaabee.FastDfsClient", "Zaabee.FastDfsClient", "{B55257EE-0E0E-4E72-AA66-D2E7E347BF2A}"
EndProject
Project("{2150E333-8FDC-42A3-9474-1A3956D46DE8}") = "Zaaby.DFS.Core", "Zaaby.DFS.Core", "{15FA1E96-8E4F-4DF0-A446-AA3467190B0C}"
EndProject
Project("{2150E333-8FDC-42A3-9474-1A3956D46DE8}") = "Zaaby.DFS.FastDfsProvider", "Zaaby.DFS.FastDfsProvider", "{6EC913EC-AB24-4174-BCA9-6F52FCF56866}"
EndProject
Project("{2150E333-8FDC-42A3-9474-1A3956D46DE8}") = "Zaaby.DFS.FastDfsProvider.Mongo", "Zaaby.DFS.FastDfsProvider.Mongo", "{6D18504B-99D8-4507-A0AC-D0752FB63E30}"
EndProject
Project("{FAE04EC0-301F-11D3-BF4B-00C04F79EFBC}") = "Zaabee.FastDfsClient", "Zaabee.FastDfsClient\Zaabee.FastDfsClient\Zaabee.FastDfsClient.csproj", "{56D400FA-1BEA-4AD3-9AF0-2F00379B4159}"
EndProject
Project("{FAE04EC0-301F-11D3-BF4B-00C04F79EFBC}") = "UnitTest", "Zaabee.FastDfsClient\UnitTest\UnitTest.csproj", "{5747D332-CCA3-49EF-A706-D39E5B31EFB0}"
EndProject
Project("{FAE04EC0-301F-11D3-BF4B-00C04F79EFBC}") = "Zaaby.DFS.Core", "Zaaby.DFS.Core\Zaaby.DFS.Core\Zaaby.DFS.Core.csproj", "{1EDB15AE-4905-4D18-A762-9F46021C1EAA}"
EndProject
Project("{FAE04EC0-301F-11D3-BF4B-00C04F79EFBC}") = "Zaaby.DFS.FastDfsProvider", "Zaaby.DFS.FastDfsProvider\Zaaby.DFS.FastDfsProvider\Zaaby.DFS.FastDfsProvider.csproj", "{E02DCBC4-A818-40F0-B38E-35EAC95A9DAE}"
EndProject
Project("{FAE04EC0-301F-11D3-BF4B-00C04F79EFBC}") = "UnitTest", "Zaaby.DFS.FastDfsProvider\UnitTest\UnitTest.csproj", "{D3FE16EC-D6C8-4D71-9426-C981E6B17F83}"
EndProject
Project("{FAE04EC0-301F-11D3-BF4B-00C04F79EFBC}") = "Demo", "Zaaby.DFS.FastDfsProvider\Demo\Demo.csproj", "{6F58E61B-2BD4-4CD9-9CF2-5F6B1505D356}"
EndProject
Project("{FAE04EC0-301F-11D3-BF4B-00C04F79EFBC}") = "Zaaby.DFS.FastDfsProvider.Mongo", "Zaaby.DFS.FastDfsProvider.Mongo\Zaaby.DFS.FastDfsProvider.Mongo\Zaaby.DFS.FastDfsProvider.Mongo.csproj", "{3F75B5E0-0046-4EBE-9B7F-1FE489E64CB9}"
EndProject
Project("{FAE04EC0-301F-11D3-BF4B-00C04F79EFBC}") = "UnitTest", "Zaaby.DFS.FastDfsProvider.Mongo\UnitTest\UnitTest.csproj", "{4E5BE7E3-D231-4D23-9721-0314E0283391}"
EndProject
Global
	GlobalSection(SolutionConfigurationPlatforms) = preSolution
		Debug|Any CPU = Debug|Any CPU
		Release|Any CPU = Release|Any CPU
	EndGlobalSection
	GlobalSection(NestedProjects) = preSolution
		{56D400FA-1BEA-4AD3-9AF0-2F00379B4159} = {B55257EE-0E0E-4E72-AA66-D2E7E347BF2A}
		{5747D332-CCA3-49EF-A706-D39E5B31EFB0} = {B55257EE-0E0E-4E72-AA66-D2E7E347BF2A}
		{1EDB15AE-4905-4D18-A762-9F46021C1EAA} = {15FA1E96-8E4F-4DF0-A446-AA3467190B0C}
		{E02DCBC4-A818-40F0-B38E-35EAC95A9DAE} = {6EC913EC-AB24-4174-BCA9-6F52FCF56866}
		{D3FE16EC-D6C8-4D71-9426-C981E6B17F83} = {6EC913EC-AB24-4174-BCA9-6F52FCF56866}
		{6F58E61B-2BD4-4CD9-9CF2-5F6B1505D356} = {6EC913EC-AB24-4174-BCA9-6F52FCF56866}
		{3F75B5E0-0046-4EBE-9B7F-1FE489E64CB9} = {6D18504B-99D8-4507-A0AC-D0752FB63E30}
		{4E5BE7E3-D231-4D23-9721-0314E0283391} = {6D18504B-99D8-4507-A0AC-D0752FB63E30}
	EndGlobalSection
	GlobalSection(ProjectConfigurationPlatforms) = postSolution
		{56D400FA-1BEA-4AD3-9AF0-2F00379B4159}.Debug|Any CPU.ActiveCfg = Debug|Any CPU
		{56D400FA-1BEA-4AD3-9AF0-2F00379B4159}.Debug|Any CPU.Build.0 = Debug|Any CPU
		{56D400FA-1BEA-4AD3-9AF0-2F00379B4159}.Release|Any CPU.ActiveCfg = Release|Any CPU
		{56D400FA-1BEA-4AD3-9AF0-2F00379B4159}.Release|Any CPU.Build.0 = Release|Any CPU
		{5747D332-CCA3-49EF-A706-D39E5B31EFB0}.Debug|Any CPU.ActiveCfg = Debug|Any CPU
		{5747D332-CCA3-49EF-A706-D39E5B31EFB0}.Debug|Any CPU.Build.0 = Debug|Any CPU
		{5747D332-CCA3-49EF-A706-D39E5B31EFB0}.Release|Any CPU.ActiveCfg = Release|Any CPU
		{5747D332-CCA3-49EF-A706-D39E5B31EFB0}.Release|Any CPU.Build.0 = Release|Any CPU
		{1EDB15AE-4905-4D18-A762-9F46021C1EAA}.Debug|Any CPU.ActiveCfg = Debug|Any CPU
		{1EDB15AE-4905-4D18-A762-9F46021C1EAA}.Debug|Any CPU.Build.0 = Debug|Any CPU
		{1EDB15AE-4905-4D18-A762-9F46021C1EAA}.Release|Any CPU.ActiveCfg = Release|Any CPU
		{1EDB15AE-4905-4D18-A762-9F46021C1EAA}.Release|Any CPU.Build.0 = Release|Any CPU
		{E02DCBC4-A818-40F0-B38E-35EAC95A9DAE}.Debug|Any CPU.ActiveCfg = Debug|Any CPU
		{E02DCBC4-A818-40F0-B38E-35EAC95A9DAE}.Debug|Any CPU.Build.0 = Debug|Any CPU
		{E02DCBC4-A818-40F0-B38E-35EAC95A9DAE}.Release|Any CPU.ActiveCfg = Release|Any CPU
		{E02DCBC4-A818-40F0-B38E-35EAC95A9DAE}.Release|Any CPU.Build.0 = Release|Any CPU
		{D3FE16EC-D6C8-4D71-9426-C981E6B17F83}.Debug|Any CPU.ActiveCfg = Debug|Any CPU
		{D3FE16EC-D6C8-4D71-9426-C981E6B17F83}.Debug|Any CPU.Build.0 = Debug|Any CPU
		{D3FE16EC-D6C8-4D71-9426-C981E6B17F83}.Release|Any CPU.ActiveCfg = Release|Any CPU
		{D3FE16EC-D6C8-4D71-9426-C981E6B17F83}.Release|Any CPU.Build.0 = Release|Any CPU
		{6F58E61B-2BD4-4CD9-9CF2-5F6B1505D356}.Debug|Any CPU.ActiveCfg = Debug|Any CPU
		{6F58E61B-2BD4-4CD9-9CF2-5F6B1505D356}.Debug|Any CPU.Build.0 = Debug|Any CPU
		{6F58E61B-2BD4-4CD9-9CF2-5F6B1505D356}.Release|Any CPU.ActiveCfg = Release|Any CPU
		{6F58E61B-2BD4-4CD9-9CF2-5F6B1505D356}.Release|Any CPU.Build.0 = Release|Any CPU
		{3F75B5E0-0046-4EBE-9B7F-1FE489E64CB9}.Debug|Any CPU.ActiveCfg = Debug|Any CPU
		{3F75B5E0-0046-4EBE-9B7F-1FE489E64CB9}.Debug|Any CPU.Build.0 = Debug|Any CPU
		{3F75B5E0-0046-4EBE-9B7F-1FE489E64CB9}.Release|Any CPU.ActiveCfg = Release|Any CPU
		{3F75B5E0-0046-4EBE-9B7F-1FE489E64CB9}.Release|Any CPU.Build.0 = Release|Any CPU
		{4E5BE7E3-D231-4D23-9721-0314E0283391}.Debug|Any CPU.ActiveCfg = Debug|Any CPU
		{4E5BE7E3-D231-4D23-9721-0314E0283391}.Debug|Any CPU.Build.0 = Debug|Any CPU
		{4E5BE7E3-D231-4D23-9721-0314E0283391}.Release|Any CPU.ActiveCfg = Release|Any CPU
		{4E5BE7E3-D231-4D23-9721-0314E0283391}.Release|Any CPU.Build.0 = Release|Any CPU
	EndGlobalSection
EndGlobal
