
Microsoft Visual Studio Solution File, Format Version 12.00
Project("{2150E333-8FDC-42A3-9474-1A3956D46DE8}") = "src", "src", "{7EFE11E1-6C3F-4EB6-A209-AF5F4ED42061}"
EndProject
Project("{2150E333-8FDC-42A3-9474-1A3956D46DE8}") = "tests", "tests", "{CC1EF496-2701-4B9C-93A1-B03D507D3FCA}"
EndProject
Project("{2150E333-8FDC-42A3-9474-1A3956D46DE8}") = "demo", "demo", "{711DD635-15D0-43FF-BBAA-8F78151392E0}"
EndProject
Project("{FAE04EC0-301F-11D3-BF4B-00C04F79EFBC}") = "Zaabee.FastDfsProvider.Demo", "demo\Zaabee.FastDfsProvider.Demo\Zaabee.FastDfsProvider.Demo.csproj", "{1623CDBC-41E5-4AA1-A319-76EA8D6D21A3}"
EndProject
Project("{FAE04EC0-301F-11D3-BF4B-00C04F79EFBC}") = "Zaabee.FastDfs", "src\Zaabee.FastDfs\Zaabee.FastDfs.csproj", "{03518EF1-48B5-4234-A76F-D1BF3C5D96F2}"
EndProject
Project("{FAE04EC0-301F-11D3-BF4B-00C04F79EFBC}") = "Zaabee.FastDfsProvider.Abstractions", "src\Zaabee.FastDfsProvider.Abstractions\Zaabee.FastDfsProvider.Abstractions.csproj", "{4E0D1D66-3439-4572-A691-F5D7FF9D1080}"
EndProject
Project("{FAE04EC0-301F-11D3-BF4B-00C04F79EFBC}") = "Zaabee.FastDfsProvider", "src\Zaabee.FastDfsProvider\Zaabee.FastDfsProvider.csproj", "{666D1F2C-DD57-47DA-94EF-C67E5160F0E0}"
EndProject
Project("{FAE04EC0-301F-11D3-BF4B-00C04F79EFBC}") = "Zaabee.FastDfsProvider.Mongo", "src\Zaabee.FastDfsProvider.Mongo\Zaabee.FastDfsProvider.Mongo.csproj", "{E1033338-6926-4937-B0D2-A3911A0F48AA}"
EndProject
Project("{FAE04EC0-301F-11D3-BF4B-00C04F79EFBC}") = "Zaabee.FastDfsClient.UnitTest", "tests\Zaabee.FastDfsClient.UnitTest\Zaabee.FastDfsClient.UnitTest.csproj", "{A3DD49CB-5F62-42DB-BFA8-0EA349E1448F}"
EndProject
Project("{FAE04EC0-301F-11D3-BF4B-00C04F79EFBC}") = "Zaabee.FastDfsProvider.Mongo.UnitTest", "tests\Zaabee.FastDfsProvider.Mongo.UnitTest\Zaabee.FastDfsProvider.Mongo.UnitTest.csproj", "{7C0AABC5-AA18-4C31-B7A0-953FEA537599}"
EndProject
Project("{FAE04EC0-301F-11D3-BF4B-00C04F79EFBC}") = "Zaabee.FastDfsProvider.UnitTest", "tests\Zaabee.FastDfsProvider.UnitTest\Zaabee.FastDfsProvider.UnitTest.csproj", "{431ECCCF-0064-4EA8-B3EB-0D6AB5EED87F}"
EndProject
Project("{FAE04EC0-301F-11D3-BF4B-00C04F79EFBC}") = "Zaabee.FastDfsProvider.Repository.Abstractions", "src\Zaabee.FastDfsProvider.Repository.Abstractions\Zaabee.FastDfsProvider.Repository.Abstractions.csproj", "{79FEB83E-C328-47F5-ADB5-71FAECD5B816}"
EndProject
Global
	GlobalSection(SolutionConfigurationPlatforms) = preSolution
		Debug|Any CPU = Debug|Any CPU
		Release|Any CPU = Release|Any CPU
	EndGlobalSection
	GlobalSection(NestedProjects) = preSolution
		{1623CDBC-41E5-4AA1-A319-76EA8D6D21A3} = {711DD635-15D0-43FF-BBAA-8F78151392E0}
		{03518EF1-48B5-4234-A76F-D1BF3C5D96F2} = {7EFE11E1-6C3F-4EB6-A209-AF5F4ED42061}
		{4E0D1D66-3439-4572-A691-F5D7FF9D1080} = {7EFE11E1-6C3F-4EB6-A209-AF5F4ED42061}
		{666D1F2C-DD57-47DA-94EF-C67E5160F0E0} = {7EFE11E1-6C3F-4EB6-A209-AF5F4ED42061}
		{E1033338-6926-4937-B0D2-A3911A0F48AA} = {7EFE11E1-6C3F-4EB6-A209-AF5F4ED42061}
		{A3DD49CB-5F62-42DB-BFA8-0EA349E1448F} = {CC1EF496-2701-4B9C-93A1-B03D507D3FCA}
		{7C0AABC5-AA18-4C31-B7A0-953FEA537599} = {CC1EF496-2701-4B9C-93A1-B03D507D3FCA}
		{431ECCCF-0064-4EA8-B3EB-0D6AB5EED87F} = {CC1EF496-2701-4B9C-93A1-B03D507D3FCA}
		{79FEB83E-C328-47F5-ADB5-71FAECD5B816} = {7EFE11E1-6C3F-4EB6-A209-AF5F4ED42061}
	EndGlobalSection
	GlobalSection(ProjectConfigurationPlatforms) = postSolution
		{1623CDBC-41E5-4AA1-A319-76EA8D6D21A3}.Debug|Any CPU.ActiveCfg = Debug|Any CPU
		{1623CDBC-41E5-4AA1-A319-76EA8D6D21A3}.Debug|Any CPU.Build.0 = Debug|Any CPU
		{1623CDBC-41E5-4AA1-A319-76EA8D6D21A3}.Release|Any CPU.ActiveCfg = Release|Any CPU
		{1623CDBC-41E5-4AA1-A319-76EA8D6D21A3}.Release|Any CPU.Build.0 = Release|Any CPU
		{03518EF1-48B5-4234-A76F-D1BF3C5D96F2}.Debug|Any CPU.ActiveCfg = Debug|Any CPU
		{03518EF1-48B5-4234-A76F-D1BF3C5D96F2}.Debug|Any CPU.Build.0 = Debug|Any CPU
		{03518EF1-48B5-4234-A76F-D1BF3C5D96F2}.Release|Any CPU.ActiveCfg = Release|Any CPU
		{03518EF1-48B5-4234-A76F-D1BF3C5D96F2}.Release|Any CPU.Build.0 = Release|Any CPU
		{4E0D1D66-3439-4572-A691-F5D7FF9D1080}.Debug|Any CPU.ActiveCfg = Debug|Any CPU
		{4E0D1D66-3439-4572-A691-F5D7FF9D1080}.Debug|Any CPU.Build.0 = Debug|Any CPU
		{4E0D1D66-3439-4572-A691-F5D7FF9D1080}.Release|Any CPU.ActiveCfg = Release|Any CPU
		{4E0D1D66-3439-4572-A691-F5D7FF9D1080}.Release|Any CPU.Build.0 = Release|Any CPU
		{666D1F2C-DD57-47DA-94EF-C67E5160F0E0}.Debug|Any CPU.ActiveCfg = Debug|Any CPU
		{666D1F2C-DD57-47DA-94EF-C67E5160F0E0}.Debug|Any CPU.Build.0 = Debug|Any CPU
		{666D1F2C-DD57-47DA-94EF-C67E5160F0E0}.Release|Any CPU.ActiveCfg = Release|Any CPU
		{666D1F2C-DD57-47DA-94EF-C67E5160F0E0}.Release|Any CPU.Build.0 = Release|Any CPU
		{E1033338-6926-4937-B0D2-A3911A0F48AA}.Debug|Any CPU.ActiveCfg = Debug|Any CPU
		{E1033338-6926-4937-B0D2-A3911A0F48AA}.Debug|Any CPU.Build.0 = Debug|Any CPU
		{E1033338-6926-4937-B0D2-A3911A0F48AA}.Release|Any CPU.ActiveCfg = Release|Any CPU
		{E1033338-6926-4937-B0D2-A3911A0F48AA}.Release|Any CPU.Build.0 = Release|Any CPU
		{A3DD49CB-5F62-42DB-BFA8-0EA349E1448F}.Debug|Any CPU.ActiveCfg = Debug|Any CPU
		{A3DD49CB-5F62-42DB-BFA8-0EA349E1448F}.Debug|Any CPU.Build.0 = Debug|Any CPU
		{A3DD49CB-5F62-42DB-BFA8-0EA349E1448F}.Release|Any CPU.ActiveCfg = Release|Any CPU
		{A3DD49CB-5F62-42DB-BFA8-0EA349E1448F}.Release|Any CPU.Build.0 = Release|Any CPU
		{7C0AABC5-AA18-4C31-B7A0-953FEA537599}.Debug|Any CPU.ActiveCfg = Debug|Any CPU
		{7C0AABC5-AA18-4C31-B7A0-953FEA537599}.Debug|Any CPU.Build.0 = Debug|Any CPU
		{7C0AABC5-AA18-4C31-B7A0-953FEA537599}.Release|Any CPU.ActiveCfg = Release|Any CPU
		{7C0AABC5-AA18-4C31-B7A0-953FEA537599}.Release|Any CPU.Build.0 = Release|Any CPU
		{431ECCCF-0064-4EA8-B3EB-0D6AB5EED87F}.Debug|Any CPU.ActiveCfg = Debug|Any CPU
		{431ECCCF-0064-4EA8-B3EB-0D6AB5EED87F}.Debug|Any CPU.Build.0 = Debug|Any CPU
		{431ECCCF-0064-4EA8-B3EB-0D6AB5EED87F}.Release|Any CPU.ActiveCfg = Release|Any CPU
		{431ECCCF-0064-4EA8-B3EB-0D6AB5EED87F}.Release|Any CPU.Build.0 = Release|Any CPU
		{79FEB83E-C328-47F5-ADB5-71FAECD5B816}.Debug|Any CPU.ActiveCfg = Debug|Any CPU
		{79FEB83E-C328-47F5-ADB5-71FAECD5B816}.Debug|Any CPU.Build.0 = Debug|Any CPU
		{79FEB83E-C328-47F5-ADB5-71FAECD5B816}.Release|Any CPU.ActiveCfg = Release|Any CPU
		{79FEB83E-C328-47F5-ADB5-71FAECD5B816}.Release|Any CPU.Build.0 = Release|Any CPU
	EndGlobalSection
EndGlobal
